
Microsoft Visual Studio Solution File, Format Version 12.00
Project("{FAE04EC0-301F-11D3-BF4B-00C04F79EFBC}") = "ECommerce.Api", "ECommerce.Api\ECommerce.Api.csproj", "{1DA1FCBA-9BDC-46C5-904A-1DB6F4F4CB5D}"
EndProject
Global
	GlobalSection(SolutionConfigurationPlatforms) = preSolution
		Debug|Any CPU = Debug|Any CPU
		Release|Any CPU = Release|Any CPU
	EndGlobalSection
	GlobalSection(ProjectConfigurationPlatforms) = postSolution
		{1DA1FCBA-9BDC-46C5-904A-1DB6F4F4CB5D}.Debug|Any CPU.ActiveCfg = Debug|Any CPU
		{1DA1FCBA-9BDC-46C5-904A-1DB6F4F4CB5D}.Debug|Any CPU.Build.0 = Debug|Any CPU
		{1DA1FCBA-9BDC-46C5-904A-1DB6F4F4CB5D}.Release|Any CPU.ActiveCfg = Release|Any CPU
		{1DA1FCBA-9BDC-46C5-904A-1DB6F4F4CB5D}.Release|Any CPU.Build.0 = Release|Any CPU
	EndGlobalSection
EndGlobal
